
Microsoft Visual Studio Solution File, Format Version 12.00
# Visual Studio Version 16
VisualStudioVersion = 16.0.30711.63
MinimumVisualStudioVersion = 10.0.40219.1
Project("{9A19103F-16F7-4668-BE54-9A1E7A4F7556}") = "SearchEngine.Web", "SearchEngine.Web\SearchEngine.Web.csproj", "{6FE81DD4-EFF0-4B89-B975-EFF4E8C1C7F6}"
EndProject
Project("{9A19103F-16F7-4668-BE54-9A1E7A4F7556}") = "SearchEngine.Service", "SearchEngine.Service\SearchEngine.Service.csproj", "{5FB39D1F-02F1-4BCF-814A-5FAEF0402C9B}"
EndProject
Project("{9A19103F-16F7-4668-BE54-9A1E7A4F7556}") = "SearchEngine.Tests", "SearchEngine.Tests\SearchEngine.Tests.csproj", "{DD78A313-3873-480E-B694-8D053671EFE3}"
EndProject
Project("{9A19103F-16F7-4668-BE54-9A1E7A4F7556}") = "SearchEngine.Model", "SearchEngine.Model\SearchEngine.Model.csproj", "{A7718C85-6D07-46AB-9276-522B39E0CFD9}"
EndProject
Global
	GlobalSection(SolutionConfigurationPlatforms) = preSolution
		Debug|Any CPU = Debug|Any CPU
		Release|Any CPU = Release|Any CPU
	EndGlobalSection
	GlobalSection(ProjectConfigurationPlatforms) = postSolution
		{6FE81DD4-EFF0-4B89-B975-EFF4E8C1C7F6}.Debug|Any CPU.ActiveCfg = Debug|Any CPU
		{6FE81DD4-EFF0-4B89-B975-EFF4E8C1C7F6}.Debug|Any CPU.Build.0 = Debug|Any CPU
		{6FE81DD4-EFF0-4B89-B975-EFF4E8C1C7F6}.Release|Any CPU.ActiveCfg = Release|Any CPU
		{6FE81DD4-EFF0-4B89-B975-EFF4E8C1C7F6}.Release|Any CPU.Build.0 = Release|Any CPU
		{5FB39D1F-02F1-4BCF-814A-5FAEF0402C9B}.Debug|Any CPU.ActiveCfg = Debug|Any CPU
		{5FB39D1F-02F1-4BCF-814A-5FAEF0402C9B}.Debug|Any CPU.Build.0 = Debug|Any CPU
		{5FB39D1F-02F1-4BCF-814A-5FAEF0402C9B}.Release|Any CPU.ActiveCfg = Release|Any CPU
		{5FB39D1F-02F1-4BCF-814A-5FAEF0402C9B}.Release|Any CPU.Build.0 = Release|Any CPU
		{DD78A313-3873-480E-B694-8D053671EFE3}.Debug|Any CPU.ActiveCfg = Debug|Any CPU
		{DD78A313-3873-480E-B694-8D053671EFE3}.Debug|Any CPU.Build.0 = Debug|Any CPU
		{DD78A313-3873-480E-B694-8D053671EFE3}.Release|Any CPU.ActiveCfg = Release|Any CPU
		{DD78A313-3873-480E-B694-8D053671EFE3}.Release|Any CPU.Build.0 = Release|Any CPU
		{A7718C85-6D07-46AB-9276-522B39E0CFD9}.Debug|Any CPU.ActiveCfg = Debug|Any CPU
		{A7718C85-6D07-46AB-9276-522B39E0CFD9}.Debug|Any CPU.Build.0 = Debug|Any CPU
		{A7718C85-6D07-46AB-9276-522B39E0CFD9}.Release|Any CPU.ActiveCfg = Release|Any CPU
		{A7718C85-6D07-46AB-9276-522B39E0CFD9}.Release|Any CPU.Build.0 = Release|Any CPU
	EndGlobalSection
	GlobalSection(SolutionProperties) = preSolution
		HideSolutionNode = FALSE
	EndGlobalSection
	GlobalSection(ExtensibilityGlobals) = postSolution
		SolutionGuid = {B0208CC1-1C5D-4851-B320-B3D43EF6F603}
	EndGlobalSection
EndGlobal
